
Microsoft Visual Studio Solution File, Format Version 12.00
# Visual Studio Version 17
VisualStudioVersion = 17.2.32526.322
MinimumVisualStudioVersion = 10.0.40219.1
Project("{FAE04EC0-301F-11D3-BF4B-00C04F79EFBC}") = "AspNetCoreMVCEgitim", "AspNetCoreMVCEgitim\AspNetCoreMVCEgitim.csproj", "{CABBD17F-B102-4544-9182-FAE8BA757B94}"
EndProject
Global
	GlobalSection(SolutionConfigurationPlatforms) = preSolution
		Debug|Any CPU = Debug|Any CPU
		Release|Any CPU = Release|Any CPU
	EndGlobalSection
	GlobalSection(ProjectConfigurationPlatforms) = postSolution
		{CABBD17F-B102-4544-9182-FAE8BA757B94}.Debug|Any CPU.ActiveCfg = Debug|Any CPU
		{CABBD17F-B102-4544-9182-FAE8BA757B94}.Debug|Any CPU.Build.0 = Debug|Any CPU
		{CABBD17F-B102-4544-9182-FAE8BA757B94}.Release|Any CPU.ActiveCfg = Release|Any CPU
		{CABBD17F-B102-4544-9182-FAE8BA757B94}.Release|Any CPU.Build.0 = Release|Any CPU
	EndGlobalSection
	GlobalSection(SolutionProperties) = preSolution
		HideSolutionNode = FALSE
	EndGlobalSection
	GlobalSection(ExtensibilityGlobals) = postSolution
		SolutionGuid = {AF8F6D2B-0246-449C-91E4-8F36FD1BCE99}
	EndGlobalSection
EndGlobal
